
Microsoft Visual Studio Solution File, Format Version 12.00
# Visual Studio Version 17
VisualStudioVersion = 17.7.34221.43
MinimumVisualStudioVersion = 10.0.40219.1
Project("{9A19103F-16F7-4668-BE54-9A1E7A4F7556}") = "test", "test\test.csproj", "{182C56AC-87A5-4BB6-A950-03304BFEEEB5}"
EndProject
Global
	GlobalSection(SolutionConfigurationPlatforms) = preSolution
		Debug|Any CPU = Debug|Any CPU
		Release|Any CPU = Release|Any CPU
	EndGlobalSection
	GlobalSection(ProjectConfigurationPlatforms) = postSolution
		{182C56AC-87A5-4BB6-A950-03304BFEEEB5}.Debug|Any CPU.ActiveCfg = Debug|Any CPU
		{182C56AC-87A5-4BB6-A950-03304BFEEEB5}.Debug|Any CPU.Build.0 = Debug|Any CPU
		{182C56AC-87A5-4BB6-A950-03304BFEEEB5}.Release|Any CPU.ActiveCfg = Release|Any CPU
		{182C56AC-87A5-4BB6-A950-03304BFEEEB5}.Release|Any CPU.Build.0 = Release|Any CPU
	EndGlobalSection
	GlobalSection(SolutionProperties) = preSolution
		HideSolutionNode = FALSE
	EndGlobalSection
	GlobalSection(ExtensibilityGlobals) = postSolution
		SolutionGuid = {29B5E81B-47BB-4D37-BF1A-95574A7C6D22}
	EndGlobalSection
EndGlobal
